%{"certifi": {:hex, :certifi, "0.4.0"},
  "combine": {:hex, :combine, "0.7.0"},
  "cowboy": {:hex, :cowboy, "1.0.4"},
  "cowlib": {:hex, :cowlib, "1.0.2"},
  "hackney": {:hex, :hackney, "1.5.0"},
  "idna": {:hex, :idna, "1.1.0"},
  "metrics": {:hex, :metrics, "1.0.1"},
  "mimerl": {:hex, :mimerl, "1.0.2"},
  "plug": {:hex, :plug, "1.1.2"},
  "ranch": {:hex, :ranch, "1.2.1"},
  "ssl_verify_hostname": {:hex, :ssl_verify_hostname, "1.0.5"},
  "sweet_xml": {:hex, :sweet_xml, "0.6.1"},
  "timex": {:hex, :timex, "0.19.5"},
  "tzdata": {:hex, :tzdata, "0.5.6"},
  "xml_builder": {:hex, :xml_builder, "0.0.8"}}
